// !$*UTF8*$!
{
	archiveVersion = 1;
	classes = {
	};
	objectVersion = 77;
	objects = {

/* Begin PBXBuildFile section */
		56EC4A12303EC18E000B2899 /* AppDelegate.swift in Sources */ = {isa = PBXBuildFile; fileRef = 56EC4A11303EC18E000B2899 /* AppDelegate.swift */; };
		56EC4A16303EC18E000B2899 /* Main.html in Resources */ = {isa = PBXBuildFile; fileRef = 56EC4A14303EC18E000B2899 /* Main.html */; };
		56EC4A18303EC18E000B2899 /* Icon.png in Resources */ = {isa = PBXBuildFile; fileRef = 56EC4A17303EC18E000B2899 /* Icon.png */; };
		56EC4A1A303EC18E000B2899 /* Style.css in Resources */ = {isa = PBXBuildFile; fileRef = 56EC4A19303EC18E000B2899 /* Style.css */; };
		56EC4A1C303EC18E000B2899 /* Script.js in Resources */ = {isa = PBXBuildFile; fileRef = 56EC4A1B303EC18E000B2899 /* Script.js */; };
		56EC4A1E303EC18E000B2899 /* ViewController.swift in Sources */ = {isa = PBXBuildFile; fileRef = 56EC4A1D303EC18E000B2899 /* ViewController.swift */; };
		56EC4A21303EC18E000B2899 /* Main.storyboard in Resources */ = {isa = PBXBuildFile; fileRef = 56EC4A1F303EC18E000B2899 /* Main.storyboard */; };
		56EC4A23303EC18E000B2899 /* Assets.xcassets in Resources */ = {isa = PBXBuildFile; fileRef = 56EC4A22303EC18E000B2899 /* Assets.xcassets */; };
		56EC4A2A303EC18E000B2899 /* Tab Weight Extension.appex in Embed Foundation Extensions */ = {isa = PBXBuildFile; fileRef = 56EC4A29303EC18E000B2899 /* Tab Weight Extension.appex */; settings = {ATTRIBUTES = (RemoveHeadersOnCopy, ); }; };
		56EC4A2F303EC18E000B2899 /* SafariWebExtensionHandler.swift in Sources */ = {isa = PBXBuildFile; fileRef = 56EC4A2E303EC18E000B2899 /* SafariWebExtensionHandler.swift */; };
		56EC4A40303EC18E000B2899 /* popup.js in Resources */ = {isa = PBXBuildFile; fileRef = 56EC4A3B303EC18E000B2899 /* popup.js */; };
		56EC4A41303EC18E000B2899 /* popup.html in Resources */ = {isa = PBXBuildFile; fileRef = 56EC4A3C303EC18E000B2899 /* popup.html */; };
		56EC4A42303EC18E000B2899 /* icons in Resources */ = {isa = PBXBuildFile; fileRef = 56EC4A3D303EC18E000B2899 /* icons */; };
		56EC4A43303EC18E000B2899 /* manifest.json in Resources */ = {isa = PBXBuildFile; fileRef = 56EC4A3E303EC18E000B2899 /* manifest.json */; };
		56EC4A44303EC18E000B2899 /* popup.css in Resources */ = {isa = PBXBuildFile; fileRef = 56EC4A3F303EC18E000B2899 /* popup.css */; };
/* End PBXBuildFile section */

/* Begin PBXContainerItemProxy section */
		56EC4A2B303EC18E000B2899 /* PBXContainerItemProxy */ = {
			isa = PBXContainerItemProxy;
			containerPortal = 56EC4A06303EC18D000B2899 /* Project object */;
			proxyType = 1;
			remoteGlobalIDString = 56EC4A28303EC18E000B2899;
			remoteInfo = "Tab Weight Extension";
		};
/* End PBXContainerItemProxy section */

/* Begin PBXCopyFilesBuildPhase section */
		56EC4A36303EC18E000B2899 /* Embed Foundation Extensions */ = {
			isa = PBXCopyFilesBuildPhase;
			buildActionMask = 2147483647;
			dstPath = "";
			dstSubfolderSpec = 13;
			files = (
				56EC4A2A303EC18E000B2899 /* Tab Weight Extension.appex in Embed Foundation Extensions */,
			);
			name = "Embed Foundation Extensions";
			runOnlyForDeploymentPostprocessing = 0;
		};
/* End PBXCopyFilesBuildPhase section */

/* Begin PBXFileReference section */
		56EC4A0E303EC18D000B2899 /* Tab Weight.app */ = {isa = PBXFileReference; explicitFileType = wrapper.application; includeInIndex = 0; path = "Tab Weight.app"; sourceTree = BUILT_PRODUCTS_DIR; };
		56EC4A11303EC18E000B2899 /* AppDelegate.swift */ = {isa = PBXFileReference; lastKnownFileType = sourcecode.swift; path = AppDelegate.swift; sourceTree = "<group>"; };
		56EC4A15303EC18E000B2899 /* Base */ = {isa = PBXFileReference; lastKnownFileType = text.html; name = Base; path = Base.lproj/Main.html; sourceTree = "<group>"; };
		56EC4A17303EC18E000B2899 /* Icon.png */ = {isa = PBXFileReference; lastKnownFileType = image.png; path = Icon.png; sourceTree = "<group>"; };
		56EC4A19303EC18E000B2899 /* Style.css */ = {isa = PBXFileReference; lastKnownFileType = text.css; path = Style.css; sourceTree = "<group>"; };
		56EC4A1B303EC18E000B2899 /* Script.js */ = {isa = PBXFileReference; lastKnownFileType = sourcecode.javascript; path = Script.js; sourceTree = "<group>"; };
		56EC4A1D303EC18E000B2899 /* ViewController.swift */ = {isa = PBXFileReference; lastKnownFileType = sourcecode.swift; path = ViewController.swift; sourceTree = "<group>"; };
		56EC4A20303EC18E000B2899 /* Base */ = {isa = PBXFileReference; lastKnownFileType = file.storyboard; name = Base; path = Base.lproj/Main.storyboard; sourceTree = "<group>"; };
		56EC4A22303EC18E000B2899 /* Assets.xcassets */ = {isa = PBXFileReference; lastKnownFileType = folder.assetcatalog; path = Assets.xcassets; sourceTree = "<group>"; };
		56EC4A24303EC18E000B2899 /* Info.plist */ = {isa = PBXFileReference; lastKnownFileType = text.plist.xml; path = Info.plist; sourceTree = "<group>"; };
		56EC4A29303EC18E000B2899 /* Tab Weight Extension.appex */ = {isa = PBXFileReference; explicitFileType = "wrapper.app-extension"; includeInIndex = 0; path = "Tab Weight Extension.appex"; sourceTree = BUILT_PRODUCTS_DIR; };
		56EC4A2E303EC18E000B2899 /* SafariWebExtensionHandler.swift */ = {isa = PBXFileReference; lastKnownFileType = sourcecode.swift; path = SafariWebExtensionHandler.swift; sourceTree = "<group>"; };
		56EC4A30303EC18E000B2899 /* Info.plist */ = {isa = PBXFileReference; lastKnownFileType = text.plist.xml; path = Info.plist; sourceTree = "<group>"; };
		56EC4A3B303EC18E000B2899 /* popup.js */ = {isa = PBXFileReference; lastKnownFileType = sourcecode.javascript; name = popup.js; path = ../../../extension/popup.js; sourceTree = "<group>"; };
		56EC4A3C303EC18E000B2899 /* popup.html */ = {isa = PBXFileReference; lastKnownFileType = text.html; name = popup.html; path = ../../../extension/popup.html; sourceTree = "<group>"; };
		56EC4A3D303EC18E000B2899 /* icons */ = {isa = PBXFileReference; lastKnownFileType = folder; name = icons; path = ../../../extension/icons; sourceTree = "<group>"; };
		56EC4A3E303EC18E000B2899 /* manifest.json */ = {isa = PBXFileReference; lastKnownFileType = text.json; name = manifest.json; path = ../../../extension/manifest.json; sourceTree = "<group>"; };
		56EC4A3F303EC18E000B2899 /* popup.css */ = {isa = PBXFileReference; lastKnownFileType = text.css; name = popup.css; path = ../../../extension/popup.css; sourceTree = "<group>"; };
/* End PBXFileReference section */

/* Begin PBXFrameworksBuildPhase section */
		56EC4A0B303EC18D000B2899 /* Frameworks */ = {
			isa = PBXFrameworksBuildPhase;
			buildActionMask = 2147483647;
			files = (
			);
			runOnlyForDeploymentPostprocessing = 0;
		};
		56EC4A26303EC18E000B2899 /* Frameworks */ = {
			isa = PBXFrameworksBuildPhase;
			buildActionMask = 2147483647;
			files = (
			);
			runOnlyForDeploymentPostprocessing = 0;
		};
/* End PBXFrameworksBuildPhase section */

/* Begin PBXGroup section */
		56EC4A05303EC18D000B2899 = {
			isa = PBXGroup;
			children = (
				56EC4A10303EC18D000B2899 /* Tab Weight */,
				56EC4A2D303EC18E000B2899 /* Tab Weight Extension */,
				56EC4A0F303EC18D000B2899 /* Products */,
			);
			sourceTree = "<group>";
		};
		56EC4A0F303EC18D000B2899 /* Products */ = {
			isa = PBXGroup;
			children = (
				56EC4A0E303EC18D000B2899 /* Tab Weight.app */,
				56EC4A29303EC18E000B2899 /* Tab Weight Extension.appex */,
			);
			name = Products;
			sourceTree = "<group>";
		};
		56EC4A10303EC18D000B2899 /* Tab Weight */ = {
			isa = PBXGroup;
			children = (
				56EC4A11303EC18E000B2899 /* AppDelegate.swift */,
				56EC4A1D303EC18E000B2899 /* ViewController.swift */,
				56EC4A1F303EC18E000B2899 /* Main.storyboard */,
				56EC4A22303EC18E000B2899 /* Assets.xcassets */,
				56EC4A24303EC18E000B2899 /* Info.plist */,
				56EC4A13303EC18E000B2899 /* Resources */,
			);
			path = "Tab Weight";
			sourceTree = "<group>";
		};
		56EC4A13303EC18E000B2899 /* Resources */ = {
			isa = PBXGroup;
			children = (
				56EC4A14303EC18E000B2899 /* Main.html */,
				56EC4A17303EC18E000B2899 /* Icon.png */,
				56EC4A19303EC18E000B2899 /* Style.css */,
				56EC4A1B303EC18E000B2899 /* Script.js */,
			);
			path = Resources;
			sourceTree = "<group>";
		};
		56EC4A2D303EC18E000B2899 /* Tab Weight Extension */ = {
			isa = PBXGroup;
			children = (
				56EC4A3A303EC18E000B2899 /* Resources */,
				56EC4A2E303EC18E000B2899 /* SafariWebExtensionHandler.swift */,
				56EC4A30303EC18E000B2899 /* Info.plist */,
			);
			path = "Tab Weight Extension";
			sourceTree = "<group>";
		};
		56EC4A3A303EC18E000B2899 /* Resources */ = {
			isa = PBXGroup;
			children = (
				56EC4A3B303EC18E000B2899 /* popup.js */,
				56EC4A3C303EC18E000B2899 /* popup.html */,
				56EC4A3D303EC18E000B2899 /* icons */,
				56EC4A3E303EC18E000B2899 /* manifest.json */,
				56EC4A3F303EC18E000B2899 /* popup.css */,
			);
			name = Resources;
			path = "Tab Weight Extension";
			sourceTree = SOURCE_ROOT;
		};
/* End PBXGroup section */

/* Begin PBXNativeTarget section */
		56EC4A0D303EC18D000B2899 /* Tab Weight */ = {
			isa = PBXNativeTarget;
			buildConfigurationList = 56EC4A37303EC18E000B2899 /* Build configuration list for PBXNativeTarget "Tab Weight" */;
			buildPhases = (
				56EC4A0A303EC18D000B2899 /* Sources */,
				56EC4A0B303EC18D000B2899 /* Frameworks */,
				56EC4A0C303EC18D000B2899 /* Resources */,
				56EC4A36303EC18E000B2899 /* Embed Foundation Extensions */,
			);
			buildRules = (
			);
			dependencies = (
				56EC4A2C303EC18E000B2899 /* PBXTargetDependency */,
			);
			name = "Tab Weight";
			packageProductDependencies = (
			);
			productName = "Tab Weight";
			productReference = 56EC4A0E303EC18D000B2899 /* Tab Weight.app */;
			productType = "com.apple.product-type.application";
		};
		56EC4A28303EC18E000B2899 /* Tab Weight Extension */ = {
			isa = PBXNativeTarget;
			buildConfigurationList = 56EC4A33303EC18E000B2899 /* Build configuration list for PBXNativeTarget "Tab Weight Extension" */;
			buildPhases = (
				56EC4A25303EC18E000B2899 /* Sources */,
				56EC4A26303EC18E000B2899 /* Frameworks */,
				56EC4A27303EC18E000B2899 /* Resources */,
			);
			buildRules = (
			);
			dependencies = (
			);
			name = "Tab Weight Extension";
			packageProductDependencies = (
			);
			productName = "Tab Weight Extension";
			productReference = 56EC4A29303EC18E000B2899 /* Tab Weight Extension.appex */;
			productType = "com.apple.product-type.app-extension";
		};
/* End PBXNativeTarget section */

/* Begin PBXProject section */
		56EC4A06303EC18D000B2899 /* Project object */ = {
			isa = PBXProject;
			attributes = {
				BuildIndependentTargetsInParallel = 1;
				LastSwiftUpdateCheck = 2660;
				LastUpgradeCheck = 2660;
				TargetAttributes = {
					56EC4A0D303EC18D000B2899 = {
						CreatedOnToolsVersion = 26.6;
					};
					56EC4A28303EC18E000B2899 = {
						CreatedOnToolsVersion = 26.6;
					};
				};
			};
			buildConfigurationList = 56EC4A09303EC18D000B2899 /* Build configuration list for PBXProject "Tab Weight" */;
			developmentRegion = en;
			hasScannedForEncodings = 0;
			knownRegions = (
				en,
				Base,
			);
			mainGroup = 56EC4A05303EC18D000B2899;
			minimizedProjectReferenceProxies = 1;
			preferredProjectObjectVersion = 77;
			productRefGroup = 56EC4A0F303EC18D000B2899 /* Products */;
			projectDirPath = "";
			projectRoot = "";
			targets = (
				56EC4A0D303EC18D000B2899 /* Tab Weight */,
				56EC4A28303EC18E000B2899 /* Tab Weight Extension */,
			);
		};
/* End PBXProject section */

/* Begin PBXResourcesBuildPhase section */
		56EC4A0C303EC18D000B2899 /* Resources */ = {
			isa = PBXResourcesBuildPhase;
			buildActionMask = 2147483647;
			files = (
				56EC4A18303EC18E000B2899 /* Icon.png in Resources */,
				56EC4A21303EC18E000B2899 /* Main.storyboard in Resources */,
				56EC4A1C303EC18E000B2899 /* Script.js in Resources */,
				56EC4A16303EC18E000B2899 /* Main.html in Resources */,
				56EC4A23303EC18E000B2899 /* Assets.xcassets in Resources */,
				56EC4A1A303EC18E000B2899 /* Style.css in Resources */,
			);
			runOnlyForDeploymentPostprocessing = 0;
		};
		56EC4A27303EC18E000B2899 /* Resources */ = {
			isa = PBXResourcesBuildPhase;
			buildActionMask = 2147483647;
			files = (
				56EC4A44303EC18E000B2899 /* popup.css in Resources */,
				56EC4A43303EC18E000B2899 /* manifest.json in Resources */,
				56EC4A42303EC18E000B2899 /* icons in Resources */,
				56EC4A40303EC18E000B2899 /* popup.js in Resources */,
				56EC4A41303EC18E000B2899 /* popup.html in Resources */,
			);
			runOnlyForDeploymentPostprocessing = 0;
		};
/* End PBXResourcesBuildPhase section */

/* Begin PBXSourcesBuildPhase section */
		56EC4A0A303EC18D000B2899 /* Sources */ = {
			isa = PBXSourcesBuildPhase;
			buildActionMask = 2147483647;
			files = (
				56EC4A1E303EC18E000B2899 /* ViewController.swift in Sources */,
				56EC4A12303EC18E000B2899 /* AppDelegate.swift in Sources */,
			);
			runOnlyForDeploymentPostprocessing = 0;
		};
		56EC4A25303EC18E000B2899 /* Sources */ = {
			isa = PBXSourcesBuildPhase;
			buildActionMask = 2147483647;
			files = (
				56EC4A2F303EC18E000B2899 /* SafariWebExtensionHandler.swift in Sources */,
			);
			runOnlyForDeploymentPostprocessing = 0;
		};
/* End PBXSourcesBuildPhase section */

/* Begin PBXTargetDependency section */
		56EC4A2C303EC18E000B2899 /* PBXTargetDependency */ = {
			isa = PBXTargetDependency;
			target = 56EC4A28303EC18E000B2899 /* Tab Weight Extension */;
			targetProxy = 56EC4A2B303EC18E000B2899 /* PBXContainerItemProxy */;
		};
/* End PBXTargetDependency section */

/* Begin PBXVariantGroup section */
		56EC4A14303EC18E000B2899 /* Main.html */ = {
			isa = PBXVariantGroup;
			children = (
				56EC4A15303EC18E000B2899 /* Base */,
			);
			name = Main.html;
			sourceTree = "<group>";
		};
		56EC4A1F303EC18E000B2899 /* Main.storyboard */ = {
			isa = PBXVariantGroup;
			children = (
				56EC4A20303EC18E000B2899 /* Base */,
			);
			name = Main.storyboard;
			sourceTree = "<group>";
		};
/* End PBXVariantGroup section */

/* Begin XCBuildConfiguration section */
		56EC4A31303EC18E000B2899 /* Debug */ = {
			isa = XCBuildConfiguration;
			buildSettings = {
				ALWAYS_SEARCH_USER_PATHS = NO;
				ASSETCATALOG_COMPILER_GENERATE_SWIFT_ASSET_SYMBOL_EXTENSIONS = YES;
				CLANG_ANALYZER_NONNULL = YES;
				CLANG_ANALYZER_NUMBER_OBJECT_CONVERSION = YES_AGGRESSIVE;
				CLANG_CXX_LANGUAGE_STANDARD = "gnu++20";
				CLANG_ENABLE_MODULES = YES;
				CLANG_ENABLE_OBJC_ARC = YES;
				CLANG_ENABLE_OBJC_WEAK = YES;
				CLANG_WARN_BLOCK_CAPTURE_AUTORELEASING = YES;
				CLANG_WARN_BOOL_CONVERSION = YES;
				CLANG_WARN_COMMA = YES;
				CLANG_WARN_CONSTANT_CONVERSION = YES;
				CLANG_WARN_DEPRECATED_OBJC_IMPLEMENTATIONS = YES;
				CLANG_WARN_DIRECT_OBJC_ISA_USAGE = YES_ERROR;
				CLANG_WARN_DOCUMENTATION_COMMENTS = YES;
				CLANG_WARN_EMPTY_BODY = YES;
				CLANG_WARN_ENUM_CONVERSION = YES;
				CLANG_WARN_INFINITE_RECURSION = YES;
				CLANG_WARN_INT_CONVERSION = YES;
				CLANG_WARN_NON_LITERAL_NULL_CONVERSION = YES;
				CLANG_WARN_OBJC_IMPLICIT_RETAIN_SELF = YES;
				CLANG_WARN_OBJC_LITERAL_CONVERSION = YES;
				CLANG_WARN_OBJC_ROOT_CLASS = YES_ERROR;
				CLANG_WARN_QUOTED_INCLUDE_IN_FRAMEWORK_HEADER = YES;
				CLANG_WARN_RANGE_LOOP_ANALYSIS = YES;
				CLANG_WARN_STRICT_PROTOTYPES = YES;
				CLANG_WARN_SUSPICIOUS_MOVE = YES;
				CLANG_WARN_UNGUARDED_AVAILABILITY = YES_AGGRESSIVE;
				CLANG_WARN_UNREACHABLE_CODE = YES;
				CLANG_WARN__DUPLICATE_METHOD_MATCH = YES;
				COPY_PHASE_STRIP = NO;
				DEBUG_INFORMATION_FORMAT = dwarf;
				ENABLE_STRICT_OBJC_MSGSEND = YES;
				ENABLE_TESTABILITY = YES;
				ENABLE_USER_SCRIPT_SANDBOXING = YES;
				GCC_C_LANGUAGE_STANDARD = gnu17;
				GCC_DYNAMIC_NO_PIC = NO;
				GCC_NO_COMMON_BLOCKS = YES;
				GCC_OPTIMIZATION_LEVEL = 0;
				GCC_PREPROCESSOR_DEFINITIONS = (
					"DEBUG=1",
					"$(inherited)",
				);
				GCC_WARN_64_TO_32_BIT_CONVERSION = YES;
				GCC_WARN_ABOUT_RETURN_TYPE = YES_ERROR;
				GCC_WARN_UNDECLARED_SELECTOR = YES;
				GCC_WARN_UNINITIALIZED_AUTOS = YES_AGGRESSIVE;
				GCC_WARN_UNUSED_FUNCTION = YES;
				GCC_WARN_UNUSED_VARIABLE = YES;
				LOCALIZATION_PREFERS_STRING_CATALOGS = YES;
				MACOSX_DEPLOYMENT_TARGET = 26.5;
				MTL_ENABLE_DEBUG_INFO = INCLUDE_SOURCE;
				MTL_FAST_MATH = YES;
				ONLY_ACTIVE_ARCH = YES;
				SDKROOT = macosx;
				SWIFT_ACTIVE_COMPILATION_CONDITIONS = "DEBUG $(inherited)";
				SWIFT_OPTIMIZATION_LEVEL = "-Onone";
			};
			name = Debug;
		};
		56EC4A32303EC18E000B2899 /* Release */ = {
			isa = XCBuildConfiguration;
			buildSettings = {
				ALWAYS_SEARCH_USER_PATHS = NO;
				ASSETCATALOG_COMPILER_GENERATE_SWIFT_ASSET_SYMBOL_EXTENSIONS = YES;
				CLANG_ANALYZER_NONNULL = YES;
				CLANG_ANALYZER_NUMBER_OBJECT_CONVERSION = YES_AGGRESSIVE;
				CLANG_CXX_LANGUAGE_STANDARD = "gnu++20";
				CLANG_ENABLE_MODULES = YES;
				CLANG_ENABLE_OBJC_ARC = YES;
				CLANG_ENABLE_OBJC_WEAK = YES;
				CLANG_WARN_BLOCK_CAPTURE_AUTORELEASING = YES;
				CLANG_WARN_BOOL_CONVERSION = YES;
				CLANG_WARN_COMMA = YES;
				CLANG_WARN_CONSTANT_CONVERSION = YES;
				CLANG_WARN_DEPRECATED_OBJC_IMPLEMENTATIONS = YES;
				CLANG_WARN_DIRECT_OBJC_ISA_USAGE = YES_ERROR;
				CLANG_WARN_DOCUMENTATION_COMMENTS = YES;
				CLANG_WARN_EMPTY_BODY = YES;
				CLANG_WARN_ENUM_CONVERSION = YES;
				CLANG_WARN_INFINITE_RECURSION = YES;
				CLANG_WARN_INT_CONVERSION = YES;
				CLANG_WARN_NON_LITERAL_NULL_CONVERSION = YES;
				CLANG_WARN_OBJC_IMPLICIT_RETAIN_SELF = YES;
				CLANG_WARN_OBJC_LITERAL_CONVERSION = YES;
				CLANG_WARN_OBJC_ROOT_CLASS = YES_ERROR;
				CLANG_WARN_QUOTED_INCLUDE_IN_FRAMEWORK_HEADER = YES;
				CLANG_WARN_RANGE_LOOP_ANALYSIS = YES;
				CLANG_WARN_STRICT_PROTOTYPES = YES;
				CLANG_WARN_SUSPICIOUS_MOVE = YES;
				CLANG_WARN_UNGUARDED_AVAILABILITY = YES_AGGRESSIVE;
				CLANG_WARN_UNREACHABLE_CODE = YES;
				CLANG_WARN__DUPLICATE_METHOD_MATCH = YES;
				COPY_PHASE_STRIP = NO;
				DEBUG_INFORMATION_FORMAT = "dwarf-with-dsym";
				ENABLE_NS_ASSERTIONS = NO;
				ENABLE_STRICT_OBJC_MSGSEND = YES;
				ENABLE_USER_SCRIPT_SANDBOXING = YES;
				GCC_C_LANGUAGE_STANDARD = gnu17;
				GCC_NO_COMMON_BLOCKS = YES;
				GCC_WARN_64_TO_32_BIT_CONVERSION = YES;
				GCC_WARN_ABOUT_RETURN_TYPE = YES_ERROR;
				GCC_WARN_UNDECLARED_SELECTOR = YES;
				GCC_WARN_UNINITIALIZED_AUTOS = YES_AGGRESSIVE;
				GCC_WARN_UNUSED_FUNCTION = YES;
				GCC_WARN_UNUSED_VARIABLE = YES;
				LOCALIZATION_PREFERS_STRING_CATALOGS = YES;
				MACOSX_DEPLOYMENT_TARGET = 26.5;
				MTL_ENABLE_DEBUG_INFO = NO;
				MTL_FAST_MATH = YES;
				SDKROOT = macosx;
				SWIFT_COMPILATION_MODE = wholemodule;
			};
			name = Release;
		};
		56EC4A34303EC18E000B2899 /* Debug */ = {
			isa = XCBuildConfiguration;
			buildSettings = {
				CODE_SIGN_STYLE = Automatic;
				CURRENT_PROJECT_VERSION = 1;
				DEVELOPMENT_TEAM = NDY32VV2FP;
				ENABLE_APP_SANDBOX = YES;
				ENABLE_HARDENED_RUNTIME = YES;
				ENABLE_USER_SELECTED_FILES = readonly;
				GENERATE_INFOPLIST_FILE = YES;
				INFOPLIST_FILE = "Tab Weight Extension/Info.plist";
				INFOPLIST_KEY_CFBundleDisplayName = "Tab Weight Extension";
				INFOPLIST_KEY_NSHumanReadableCopyright = "";
				LD_RUNPATH_SEARCH_PATHS = (
					"$(inherited)",
					"@executable_path/../Frameworks",
					"@executable_path/../../../../Frameworks",
				);
				MACOSX_DEPLOYMENT_TARGET = 10.14;
				MARKETING_VERSION = 1.0;
				OTHER_LDFLAGS = (
					"-framework",
					SafariServices,
				);
				PRODUCT_BUNDLE_IDENTIFIER = "com.marian.Tab-Weight.Extension";
				PRODUCT_NAME = "$(TARGET_NAME)";
				SKIP_INSTALL = YES;
				STRING_CATALOG_GENERATE_SYMBOLS = YES;
				SWIFT_APPROACHABLE_CONCURRENCY = YES;
				SWIFT_EMIT_LOC_STRINGS = YES;
				SWIFT_UPCOMING_FEATURE_MEMBER_IMPORT_VISIBILITY = YES;
				SWIFT_VERSION = 5.0;
			};
			name = Debug;
		};
		56EC4A35303EC18E000B2899 /* Release */ = {
			isa = XCBuildConfiguration;
			buildSettings = {
				CODE_SIGN_STYLE = Automatic;
				CURRENT_PROJECT_VERSION = 1;
				DEVELOPMENT_TEAM = NDY32VV2FP;
				ENABLE_APP_SANDBOX = YES;
				ENABLE_HARDENED_RUNTIME = YES;
				ENABLE_USER_SELECTED_FILES = readonly;
				GENERATE_INFOPLIST_FILE = YES;
				INFOPLIST_FILE = "Tab Weight Extension/Info.plist";
				INFOPLIST_KEY_CFBundleDisplayName = "Tab Weight Extension";
				INFOPLIST_KEY_NSHumanReadableCopyright = "";
				LD_RUNPATH_SEARCH_PATHS = (
					"$(inherited)",
					"@executable_path/../Frameworks",
					"@executable_path/../../../../Frameworks",
				);
				MACOSX_DEPLOYMENT_TARGET = 10.14;
				MARKETING_VERSION = 1.0;
				OTHER_LDFLAGS = (
					"-framework",
					SafariServices,
				);
				PRODUCT_BUNDLE_IDENTIFIER = "com.marian.Tab-Weight.Extension";
				PRODUCT_NAME = "$(TARGET_NAME)";
				SKIP_INSTALL = YES;
				STRING_CATALOG_GENERATE_SYMBOLS = YES;
				SWIFT_APPROACHABLE_CONCURRENCY = YES;
				SWIFT_EMIT_LOC_STRINGS = YES;
				SWIFT_UPCOMING_FEATURE_MEMBER_IMPORT_VISIBILITY = YES;
				SWIFT_VERSION = 5.0;
			};
			name = Release;
		};
		56EC4A38303EC18E000B2899 /* Debug */ = {
			isa = XCBuildConfiguration;
			buildSettings = {
				ASSETCATALOG_COMPILER_APPICON_NAME = AppIcon;
				ASSETCATALOG_COMPILER_GLOBAL_ACCENT_COLOR_NAME = AccentColor;
				CODE_SIGN_STYLE = Automatic;
				COMBINE_HIDPI_IMAGES = YES;
				CURRENT_PROJECT_VERSION = 1;
				DEVELOPMENT_TEAM = NDY32VV2FP;
				ENABLE_APP_SANDBOX = YES;
				ENABLE_HARDENED_RUNTIME = YES;
				ENABLE_OUTGOING_NETWORK_CONNECTIONS = YES;
				ENABLE_USER_SELECTED_FILES = readonly;
				GENERATE_INFOPLIST_FILE = YES;
				INFOPLIST_FILE = "Tab Weight/Info.plist";
				INFOPLIST_KEY_CFBundleDisplayName = "Tab Weight";
				INFOPLIST_KEY_NSHumanReadableCopyright = "";
				INFOPLIST_KEY_NSMainStoryboardFile = Main;
				INFOPLIST_KEY_NSPrincipalClass = NSApplication;
				LD_RUNPATH_SEARCH_PATHS = (
					"$(inherited)",
					"@executable_path/../Frameworks",
				);
				MARKETING_VERSION = 1.0;
				OTHER_LDFLAGS = (
					"-framework",
					SafariServices,
					"-framework",
					WebKit,
				);
				PRODUCT_BUNDLE_IDENTIFIER = "com.marian.Tab-Weight";
				PRODUCT_NAME = "$(TARGET_NAME)";
				REGISTER_APP_GROUPS = YES;
				STRING_CATALOG_GENERATE_SYMBOLS = YES;
				SWIFT_APPROACHABLE_CONCURRENCY = YES;
				SWIFT_DEFAULT_ACTOR_ISOLATION = MainActor;
				SWIFT_EMIT_LOC_STRINGS = YES;
				SWIFT_UPCOMING_FEATURE_MEMBER_IMPORT_VISIBILITY = YES;
				SWIFT_VERSION = 5.0;
			};
			name = Debug;
		};
		56EC4A39303EC18E000B2899 /* Release */ = {
			isa = XCBuildConfiguration;
			buildSettings = {
				ASSETCATALOG_COMPILER_APPICON_NAME = AppIcon;
				ASSETCATALOG_COMPILER_GLOBAL_ACCENT_COLOR_NAME = AccentColor;
				CODE_SIGN_STYLE = Automatic;
				COMBINE_HIDPI_IMAGES = YES;
				CURRENT_PROJECT_VERSION = 1;
				DEVELOPMENT_TEAM = NDY32VV2FP;
				ENABLE_APP_SANDBOX = YES;
				ENABLE_HARDENED_RUNTIME = YES;
				ENABLE_OUTGOING_NETWORK_CONNECTIONS = YES;
				ENABLE_USER_SELECTED_FILES = readonly;
				GENERATE_INFOPLIST_FILE = YES;
				INFOPLIST_FILE = "Tab Weight/Info.plist";
				INFOPLIST_KEY_CFBundleDisplayName = "Tab Weight";
				INFOPLIST_KEY_NSHumanReadableCopyright = "";
				INFOPLIST_KEY_NSMainStoryboardFile = Main;
				INFOPLIST_KEY_NSPrincipalClass = NSApplication;
				LD_RUNPATH_SEARCH_PATHS = (
					"$(inherited)",
					"@executable_path/../Frameworks",
				);
				MARKETING_VERSION = 1.0;
				OTHER_LDFLAGS = (
					"-framework",
					SafariServices,
					"-framework",
					WebKit,
				);
				PRODUCT_BUNDLE_IDENTIFIER = "com.marian.Tab-Weight";
				PRODUCT_NAME = "$(TARGET_NAME)";
				REGISTER_APP_GROUPS = YES;
				STRING_CATALOG_GENERATE_SYMBOLS = YES;
				SWIFT_APPROACHABLE_CONCURRENCY = YES;
				SWIFT_DEFAULT_ACTOR_ISOLATION = MainActor;
				SWIFT_EMIT_LOC_STRINGS = YES;
				SWIFT_UPCOMING_FEATURE_MEMBER_IMPORT_VISIBILITY = YES;
				SWIFT_VERSION = 5.0;
			};
			name = Release;
		};
/* End XCBuildConfiguration section */

/* Begin XCConfigurationList section */
		56EC4A09303EC18D000B2899 /* Build configuration list for PBXProject "Tab Weight" */ = {
			isa = XCConfigurationList;
			buildConfigurations = (
				56EC4A31303EC18E000B2899 /* Debug */,
				56EC4A32303EC18E000B2899 /* Release */,
			);
			defaultConfigurationIsVisible = 0;
			defaultConfigurationName = Release;
		};
		56EC4A33303EC18E000B2899 /* Build configuration list for PBXNativeTarget "Tab Weight Extension" */ = {
			isa = XCConfigurationList;
			buildConfigurations = (
				56EC4A34303EC18E000B2899 /* Debug */,
				56EC4A35303EC18E000B2899 /* Release */,
			);
			defaultConfigurationIsVisible = 0;
			defaultConfigurationName = Release;
		};
		56EC4A37303EC18E000B2899 /* Build configuration list for PBXNativeTarget "Tab Weight" */ = {
			isa = XCConfigurationList;
			buildConfigurations = (
				56EC4A38303EC18E000B2899 /* Debug */,
				56EC4A39303EC18E000B2899 /* Release */,
			);
			defaultConfigurationIsVisible = 0;
			defaultConfigurationName = Release;
		};
/* End XCConfigurationList section */
	};
	rootObject = 56EC4A06303EC18D000B2899 /* Project object */;
}
